
Microsoft Visual Studio Solution File, Format Version 12.00
# Visual Studio Version 17
VisualStudioVersion = 17.3.32929.385
MinimumVisualStudioVersion = 10.0.40219.1
Project("{9A19103F-16F7-4668-BE54-9A1E7A4F7556}") = "LazySqlCore.UnitTest", "LazySqlCore.UnitTest\LazySqlCore.UnitTest.csproj", "{0EBE34E5-44CD-441A-B435-E532EC61EEDD}"
EndProject
Project("{9A19103F-16F7-4668-BE54-9A1E7A4F7556}") = "LazySqlStandard.Engine", "LazySqlStandard.Engine\LazySqlStandard.Engine.csproj", "{6693BB4E-B072-43F5-96D2-3D91D7FFC17D}"
EndProject
Project("{2150E333-8FDC-42A3-9474-1A3956D46DE8}") = "Solution Items", "Solution Items", "{93065687-48F7-419F-A623-601DFE3817F1}"
	ProjectSection(SolutionItems) = preProject
		appveyor.yml = appveyor.yml
		README.md = README.md
	EndProjectSection
EndProject
Global
	GlobalSection(SolutionConfigurationPlatforms) = preSolution
		APPVEYOR|Any CPU = APPVEYOR|Any CPU
		Debug|Any CPU = Debug|Any CPU
		Release|Any CPU = Release|Any CPU
	EndGlobalSection
	GlobalSection(ProjectConfigurationPlatforms) = postSolution
		{0EBE34E5-44CD-441A-B435-E532EC61EEDD}.APPVEYOR|Any CPU.ActiveCfg = APPVEYOR|Any CPU
		{0EBE34E5-44CD-441A-B435-E532EC61EEDD}.APPVEYOR|Any CPU.Build.0 = APPVEYOR|Any CPU
		{0EBE34E5-44CD-441A-B435-E532EC61EEDD}.Debug|Any CPU.ActiveCfg = Debug|Any CPU
		{0EBE34E5-44CD-441A-B435-E532EC61EEDD}.Debug|Any CPU.Build.0 = Debug|Any CPU
		{0EBE34E5-44CD-441A-B435-E532EC61EEDD}.Release|Any CPU.ActiveCfg = Release|Any CPU
		{0EBE34E5-44CD-441A-B435-E532EC61EEDD}.Release|Any CPU.Build.0 = Release|Any CPU
		{6693BB4E-B072-43F5-96D2-3D91D7FFC17D}.APPVEYOR|Any CPU.ActiveCfg = APPVEYOR|Any CPU
		{6693BB4E-B072-43F5-96D2-3D91D7FFC17D}.APPVEYOR|Any CPU.Build.0 = APPVEYOR|Any CPU
		{6693BB4E-B072-43F5-96D2-3D91D7FFC17D}.Debug|Any CPU.ActiveCfg = Debug|Any CPU
		{6693BB4E-B072-43F5-96D2-3D91D7FFC17D}.Debug|Any CPU.Build.0 = Debug|Any CPU
		{6693BB4E-B072-43F5-96D2-3D91D7FFC17D}.Release|Any CPU.ActiveCfg = Release|Any CPU
		{6693BB4E-B072-43F5-96D2-3D91D7FFC17D}.Release|Any CPU.Build.0 = Release|Any CPU
	EndGlobalSection
	GlobalSection(SolutionProperties) = preSolution
		HideSolutionNode = FALSE
	EndGlobalSection
	GlobalSection(ExtensibilityGlobals) = postSolution
		SolutionGuid = {16E5FA80-BEB7-4A2D-9904-C286CAD6D5F6}
	EndGlobalSection
EndGlobal
